
Microsoft Visual Studio Solution File, Format Version 12.00
# Visual Studio 15
VisualStudioVersion = 15.0.26124.0
MinimumVisualStudioVersion = 15.0.26124.0
Project("{2150E333-8FDC-42A3-9474-1A3956D46DE8}") = "Services", "Services", "{9CAC8A19-6218-4C18-8875-65306831CC31}"
EndProject
Project("{2150E333-8FDC-42A3-9474-1A3956D46DE8}") = "Products", "Products", "{AE87E56F-63A6-4F96-9A57-374178B5AC45}"
EndProject
Project("{FAE04EC0-301F-11D3-BF4B-00C04F79EFBC}") = "Products.API", "Services\Products\Products.API\Products.API.csproj", "{80B0F818-A944-4DB4-921F-335E3EB4089C}"
EndProject
Project("{FAE04EC0-301F-11D3-BF4B-00C04F79EFBC}") = "Products.Tests", "Services\Products\Products.Tests\Products.Tests.csproj", "{6472A308-11E0-47CF-A448-97F9E20B8200}"
EndProject
Project("{2150E333-8FDC-42A3-9474-1A3956D46DE8}") = "Common", "Common", "{3115D735-9A17-46F7-A2CF-AACAC72381FB}"
EndProject
Project("{FAE04EC0-301F-11D3-BF4B-00C04F79EFBC}") = "Common.API", "Common\Common.API\Common.API.csproj", "{43726254-9B65-4ABA-AF87-B80BC9DA18DA}"
EndProject
Project("{FAE04EC0-301F-11D3-BF4B-00C04F79EFBC}") = "Common.Domain", "Common\Common.Domain\Common.Domain.csproj", "{B2F7DD9B-5807-4CF9-9276-6A77EE8349C6}"
EndProject
Project("{FAE04EC0-301F-11D3-BF4B-00C04F79EFBC}") = "Common.Infra", "Common\Common.Infra\Common.Infra.csproj", "{D5993037-7B81-4F40-913D-802E84DCF21F}"
EndProject
Project("{FAE04EC0-301F-11D3-BF4B-00C04F79EFBC}") = "Common.Resources", "Common\Common.Resources\Common.Resources.csproj", "{2812E2C6-71AC-437D-98DA-729CB05BBC06}"
EndProject
Global
	GlobalSection(SolutionConfigurationPlatforms) = preSolution
		Debug|Any CPU = Debug|Any CPU
		Debug|x64 = Debug|x64
		Debug|x86 = Debug|x86
		Release|Any CPU = Release|Any CPU
		Release|x64 = Release|x64
		Release|x86 = Release|x86
	EndGlobalSection
	GlobalSection(SolutionProperties) = preSolution
		HideSolutionNode = FALSE
	EndGlobalSection
	GlobalSection(ProjectConfigurationPlatforms) = postSolution
		{80B0F818-A944-4DB4-921F-335E3EB4089C}.Debug|Any CPU.ActiveCfg = Debug|Any CPU
		{80B0F818-A944-4DB4-921F-335E3EB4089C}.Debug|Any CPU.Build.0 = Debug|Any CPU
		{80B0F818-A944-4DB4-921F-335E3EB4089C}.Debug|x64.ActiveCfg = Debug|Any CPU
		{80B0F818-A944-4DB4-921F-335E3EB4089C}.Debug|x64.Build.0 = Debug|Any CPU
		{80B0F818-A944-4DB4-921F-335E3EB4089C}.Debug|x86.ActiveCfg = Debug|Any CPU
		{80B0F818-A944-4DB4-921F-335E3EB4089C}.Debug|x86.Build.0 = Debug|Any CPU
		{80B0F818-A944-4DB4-921F-335E3EB4089C}.Release|Any CPU.ActiveCfg = Release|Any CPU
		{80B0F818-A944-4DB4-921F-335E3EB4089C}.Release|Any CPU.Build.0 = Release|Any CPU
		{80B0F818-A944-4DB4-921F-335E3EB4089C}.Release|x64.ActiveCfg = Release|Any CPU
		{80B0F818-A944-4DB4-921F-335E3EB4089C}.Release|x64.Build.0 = Release|Any CPU
		{80B0F818-A944-4DB4-921F-335E3EB4089C}.Release|x86.ActiveCfg = Release|Any CPU
		{80B0F818-A944-4DB4-921F-335E3EB4089C}.Release|x86.Build.0 = Release|Any CPU
		{6472A308-11E0-47CF-A448-97F9E20B8200}.Debug|Any CPU.ActiveCfg = Debug|Any CPU
		{6472A308-11E0-47CF-A448-97F9E20B8200}.Debug|Any CPU.Build.0 = Debug|Any CPU
		{6472A308-11E0-47CF-A448-97F9E20B8200}.Debug|x64.ActiveCfg = Debug|Any CPU
		{6472A308-11E0-47CF-A448-97F9E20B8200}.Debug|x64.Build.0 = Debug|Any CPU
		{6472A308-11E0-47CF-A448-97F9E20B8200}.Debug|x86.ActiveCfg = Debug|Any CPU
		{6472A308-11E0-47CF-A448-97F9E20B8200}.Debug|x86.Build.0 = Debug|Any CPU
		{6472A308-11E0-47CF-A448-97F9E20B8200}.Release|Any CPU.ActiveCfg = Release|Any CPU
		{6472A308-11E0-47CF-A448-97F9E20B8200}.Release|Any CPU.Build.0 = Release|Any CPU
		{6472A308-11E0-47CF-A448-97F9E20B8200}.Release|x64.ActiveCfg = Release|Any CPU
		{6472A308-11E0-47CF-A448-97F9E20B8200}.Release|x64.Build.0 = Release|Any CPU
		{6472A308-11E0-47CF-A448-97F9E20B8200}.Release|x86.ActiveCfg = Release|Any CPU
		{6472A308-11E0-47CF-A448-97F9E20B8200}.Release|x86.Build.0 = Release|Any CPU
		{43726254-9B65-4ABA-AF87-B80BC9DA18DA}.Debug|Any CPU.ActiveCfg = Debug|Any CPU
		{43726254-9B65-4ABA-AF87-B80BC9DA18DA}.Debug|Any CPU.Build.0 = Debug|Any CPU
		{43726254-9B65-4ABA-AF87-B80BC9DA18DA}.Debug|x64.ActiveCfg = Debug|Any CPU
		{43726254-9B65-4ABA-AF87-B80BC9DA18DA}.Debug|x64.Build.0 = Debug|Any CPU
		{43726254-9B65-4ABA-AF87-B80BC9DA18DA}.Debug|x86.ActiveCfg = Debug|Any CPU
		{43726254-9B65-4ABA-AF87-B80BC9DA18DA}.Debug|x86.Build.0 = Debug|Any CPU
		{43726254-9B65-4ABA-AF87-B80BC9DA18DA}.Release|Any CPU.ActiveCfg = Release|Any CPU
		{43726254-9B65-4ABA-AF87-B80BC9DA18DA}.Release|Any CPU.Build.0 = Release|Any CPU
		{43726254-9B65-4ABA-AF87-B80BC9DA18DA}.Release|x64.ActiveCfg = Release|Any CPU
		{43726254-9B65-4ABA-AF87-B80BC9DA18DA}.Release|x64.Build.0 = Release|Any CPU
		{43726254-9B65-4ABA-AF87-B80BC9DA18DA}.Release|x86.ActiveCfg = Release|Any CPU
		{43726254-9B65-4ABA-AF87-B80BC9DA18DA}.Release|x86.Build.0 = Release|Any CPU
		{B2F7DD9B-5807-4CF9-9276-6A77EE8349C6}.Debug|Any CPU.ActiveCfg = Debug|Any CPU
		{B2F7DD9B-5807-4CF9-9276-6A77EE8349C6}.Debug|Any CPU.Build.0 = Debug|Any CPU
		{B2F7DD9B-5807-4CF9-9276-6A77EE8349C6}.Debug|x64.ActiveCfg = Debug|Any CPU
		{B2F7DD9B-5807-4CF9-9276-6A77EE8349C6}.Debug|x64.Build.0 = Debug|Any CPU
		{B2F7DD9B-5807-4CF9-9276-6A77EE8349C6}.Debug|x86.ActiveCfg = Debug|Any CPU
		{B2F7DD9B-5807-4CF9-9276-6A77EE8349C6}.Debug|x86.Build.0 = Debug|Any CPU
		{B2F7DD9B-5807-4CF9-9276-6A77EE8349C6}.Release|Any CPU.ActiveCfg = Release|Any CPU
		{B2F7DD9B-5807-4CF9-9276-6A77EE8349C6}.Release|Any CPU.Build.0 = Release|Any CPU
		{B2F7DD9B-5807-4CF9-9276-6A77EE8349C6}.Release|x64.ActiveCfg = Release|Any CPU
		{B2F7DD9B-5807-4CF9-9276-6A77EE8349C6}.Release|x64.Build.0 = Release|Any CPU
		{B2F7DD9B-5807-4CF9-9276-6A77EE8349C6}.Release|x86.ActiveCfg = Release|Any CPU
		{B2F7DD9B-5807-4CF9-9276-6A77EE8349C6}.Release|x86.Build.0 = Release|Any CPU
		{D5993037-7B81-4F40-913D-802E84DCF21F}.Debug|Any CPU.ActiveCfg = Debug|Any CPU
		{D5993037-7B81-4F40-913D-802E84DCF21F}.Debug|Any CPU.Build.0 = Debug|Any CPU
		{D5993037-7B81-4F40-913D-802E84DCF21F}.Debug|x64.ActiveCfg = Debug|Any CPU
		{D5993037-7B81-4F40-913D-802E84DCF21F}.Debug|x64.Build.0 = Debug|Any CPU
		{D5993037-7B81-4F40-913D-802E84DCF21F}.Debug|x86.ActiveCfg = Debug|Any CPU
		{D5993037-7B81-4F40-913D-802E84DCF21F}.Debug|x86.Build.0 = Debug|Any CPU
		{D5993037-7B81-4F40-913D-802E84DCF21F}.Release|Any CPU.ActiveCfg = Release|Any CPU
		{D5993037-7B81-4F40-913D-802E84DCF21F}.Release|Any CPU.Build.0 = Release|Any CPU
		{D5993037-7B81-4F40-913D-802E84DCF21F}.Release|x64.ActiveCfg = Release|Any CPU
		{D5993037-7B81-4F40-913D-802E84DCF21F}.Release|x64.Build.0 = Release|Any CPU
		{D5993037-7B81-4F40-913D-802E84DCF21F}.Release|x86.ActiveCfg = Release|Any CPU
		{D5993037-7B81-4F40-913D-802E84DCF21F}.Release|x86.Build.0 = Release|Any CPU
		{2812E2C6-71AC-437D-98DA-729CB05BBC06}.Debug|Any CPU.ActiveCfg = Debug|Any CPU
		{2812E2C6-71AC-437D-98DA-729CB05BBC06}.Debug|Any CPU.Build.0 = Debug|Any CPU
		{2812E2C6-71AC-437D-98DA-729CB05BBC06}.Debug|x64.ActiveCfg = Debug|Any CPU
		{2812E2C6-71AC-437D-98DA-729CB05BBC06}.Debug|x64.Build.0 = Debug|Any CPU
		{2812E2C6-71AC-437D-98DA-729CB05BBC06}.Debug|x86.ActiveCfg = Debug|Any CPU
		{2812E2C6-71AC-437D-98DA-729CB05BBC06}.Debug|x86.Build.0 = Debug|Any CPU
		{2812E2C6-71AC-437D-98DA-729CB05BBC06}.Release|Any CPU.ActiveCfg = Release|Any CPU
		{2812E2C6-71AC-437D-98DA-729CB05BBC06}.Release|Any CPU.Build.0 = Release|Any CPU
		{2812E2C6-71AC-437D-98DA-729CB05BBC06}.Release|x64.ActiveCfg = Release|Any CPU
		{2812E2C6-71AC-437D-98DA-729CB05BBC06}.Release|x64.Build.0 = Release|Any CPU
		{2812E2C6-71AC-437D-98DA-729CB05BBC06}.Release|x86.ActiveCfg = Release|Any CPU
		{2812E2C6-71AC-437D-98DA-729CB05BBC06}.Release|x86.Build.0 = Release|Any CPU
	EndGlobalSection
	GlobalSection(NestedProjects) = preSolution
		{AE87E56F-63A6-4F96-9A57-374178B5AC45} = {9CAC8A19-6218-4C18-8875-65306831CC31}
		{80B0F818-A944-4DB4-921F-335E3EB4089C} = {AE87E56F-63A6-4F96-9A57-374178B5AC45}
		{6472A308-11E0-47CF-A448-97F9E20B8200} = {AE87E56F-63A6-4F96-9A57-374178B5AC45}
		{43726254-9B65-4ABA-AF87-B80BC9DA18DA} = {3115D735-9A17-46F7-A2CF-AACAC72381FB}
		{B2F7DD9B-5807-4CF9-9276-6A77EE8349C6} = {3115D735-9A17-46F7-A2CF-AACAC72381FB}
		{D5993037-7B81-4F40-913D-802E84DCF21F} = {3115D735-9A17-46F7-A2CF-AACAC72381FB}
		{2812E2C6-71AC-437D-98DA-729CB05BBC06} = {3115D735-9A17-46F7-A2CF-AACAC72381FB}
	EndGlobalSection
EndGlobal
