
Microsoft Visual Studio Solution File, Format Version 12.00
# Visual Studio 15
VisualStudioVersion = 15.0.26124.0
MinimumVisualStudioVersion = 15.0.26124.0
Project("{FAE04EC0-301F-11D3-BF4B-00C04F79EFBC}") = "Common.API", "Common.API\Common.API.csproj", "{E2D2F0F0-450B-4B1A-BD35-1F4D3830047E}"
EndProject
Project("{FAE04EC0-301F-11D3-BF4B-00C04F79EFBC}") = "Common.Domain", "Common.Domain\Common.Domain.csproj", "{C5BA841D-33DE-4348-A9EC-1751624A062C}"
EndProject
Project("{FAE04EC0-301F-11D3-BF4B-00C04F79EFBC}") = "Common.Infra", "Common.Infra\Common.Infra.csproj", "{21B2F707-5D96-44C0-B010-04AB6C4844C4}"
EndProject
Project("{FAE04EC0-301F-11D3-BF4B-00C04F79EFBC}") = "Common.Resources", "Common.Resources\Common.Resources.csproj", "{6DA1EECA-DCFB-41F5-862A-84285CF08DE9}"
EndProject
Global
	GlobalSection(SolutionConfigurationPlatforms) = preSolution
		Debug|Any CPU = Debug|Any CPU
		Debug|x64 = Debug|x64
		Debug|x86 = Debug|x86
		Release|Any CPU = Release|Any CPU
		Release|x64 = Release|x64
		Release|x86 = Release|x86
	EndGlobalSection
	GlobalSection(SolutionProperties) = preSolution
		HideSolutionNode = FALSE
	EndGlobalSection
	GlobalSection(ProjectConfigurationPlatforms) = postSolution
		{E2D2F0F0-450B-4B1A-BD35-1F4D3830047E}.Debug|Any CPU.ActiveCfg = Debug|Any CPU
		{E2D2F0F0-450B-4B1A-BD35-1F4D3830047E}.Debug|Any CPU.Build.0 = Debug|Any CPU
		{E2D2F0F0-450B-4B1A-BD35-1F4D3830047E}.Debug|x64.ActiveCfg = Debug|Any CPU
		{E2D2F0F0-450B-4B1A-BD35-1F4D3830047E}.Debug|x64.Build.0 = Debug|Any CPU
		{E2D2F0F0-450B-4B1A-BD35-1F4D3830047E}.Debug|x86.ActiveCfg = Debug|Any CPU
		{E2D2F0F0-450B-4B1A-BD35-1F4D3830047E}.Debug|x86.Build.0 = Debug|Any CPU
		{E2D2F0F0-450B-4B1A-BD35-1F4D3830047E}.Release|Any CPU.ActiveCfg = Release|Any CPU
		{E2D2F0F0-450B-4B1A-BD35-1F4D3830047E}.Release|Any CPU.Build.0 = Release|Any CPU
		{E2D2F0F0-450B-4B1A-BD35-1F4D3830047E}.Release|x64.ActiveCfg = Release|Any CPU
		{E2D2F0F0-450B-4B1A-BD35-1F4D3830047E}.Release|x64.Build.0 = Release|Any CPU
		{E2D2F0F0-450B-4B1A-BD35-1F4D3830047E}.Release|x86.ActiveCfg = Release|Any CPU
		{E2D2F0F0-450B-4B1A-BD35-1F4D3830047E}.Release|x86.Build.0 = Release|Any CPU
		{C5BA841D-33DE-4348-A9EC-1751624A062C}.Debug|Any CPU.ActiveCfg = Debug|Any CPU
		{C5BA841D-33DE-4348-A9EC-1751624A062C}.Debug|Any CPU.Build.0 = Debug|Any CPU
		{C5BA841D-33DE-4348-A9EC-1751624A062C}.Debug|x64.ActiveCfg = Debug|Any CPU
		{C5BA841D-33DE-4348-A9EC-1751624A062C}.Debug|x64.Build.0 = Debug|Any CPU
		{C5BA841D-33DE-4348-A9EC-1751624A062C}.Debug|x86.ActiveCfg = Debug|Any CPU
		{C5BA841D-33DE-4348-A9EC-1751624A062C}.Debug|x86.Build.0 = Debug|Any CPU
		{C5BA841D-33DE-4348-A9EC-1751624A062C}.Release|Any CPU.ActiveCfg = Release|Any CPU
		{C5BA841D-33DE-4348-A9EC-1751624A062C}.Release|Any CPU.Build.0 = Release|Any CPU
		{C5BA841D-33DE-4348-A9EC-1751624A062C}.Release|x64.ActiveCfg = Release|Any CPU
		{C5BA841D-33DE-4348-A9EC-1751624A062C}.Release|x64.Build.0 = Release|Any CPU
		{C5BA841D-33DE-4348-A9EC-1751624A062C}.Release|x86.ActiveCfg = Release|Any CPU
		{C5BA841D-33DE-4348-A9EC-1751624A062C}.Release|x86.Build.0 = Release|Any CPU
		{21B2F707-5D96-44C0-B010-04AB6C4844C4}.Debug|Any CPU.ActiveCfg = Debug|Any CPU
		{21B2F707-5D96-44C0-B010-04AB6C4844C4}.Debug|Any CPU.Build.0 = Debug|Any CPU
		{21B2F707-5D96-44C0-B010-04AB6C4844C4}.Debug|x64.ActiveCfg = Debug|Any CPU
		{21B2F707-5D96-44C0-B010-04AB6C4844C4}.Debug|x64.Build.0 = Debug|Any CPU
		{21B2F707-5D96-44C0-B010-04AB6C4844C4}.Debug|x86.ActiveCfg = Debug|Any CPU
		{21B2F707-5D96-44C0-B010-04AB6C4844C4}.Debug|x86.Build.0 = Debug|Any CPU
		{21B2F707-5D96-44C0-B010-04AB6C4844C4}.Release|Any CPU.ActiveCfg = Release|Any CPU
		{21B2F707-5D96-44C0-B010-04AB6C4844C4}.Release|Any CPU.Build.0 = Release|Any CPU
		{21B2F707-5D96-44C0-B010-04AB6C4844C4}.Release|x64.ActiveCfg = Release|Any CPU
		{21B2F707-5D96-44C0-B010-04AB6C4844C4}.Release|x64.Build.0 = Release|Any CPU
		{21B2F707-5D96-44C0-B010-04AB6C4844C4}.Release|x86.ActiveCfg = Release|Any CPU
		{21B2F707-5D96-44C0-B010-04AB6C4844C4}.Release|x86.Build.0 = Release|Any CPU
		{6DA1EECA-DCFB-41F5-862A-84285CF08DE9}.Debug|Any CPU.ActiveCfg = Debug|Any CPU
		{6DA1EECA-DCFB-41F5-862A-84285CF08DE9}.Debug|Any CPU.Build.0 = Debug|Any CPU
		{6DA1EECA-DCFB-41F5-862A-84285CF08DE9}.Debug|x64.ActiveCfg = Debug|Any CPU
		{6DA1EECA-DCFB-41F5-862A-84285CF08DE9}.Debug|x64.Build.0 = Debug|Any CPU
		{6DA1EECA-DCFB-41F5-862A-84285CF08DE9}.Debug|x86.ActiveCfg = Debug|Any CPU
		{6DA1EECA-DCFB-41F5-862A-84285CF08DE9}.Debug|x86.Build.0 = Debug|Any CPU
		{6DA1EECA-DCFB-41F5-862A-84285CF08DE9}.Release|Any CPU.ActiveCfg = Release|Any CPU
		{6DA1EECA-DCFB-41F5-862A-84285CF08DE9}.Release|Any CPU.Build.0 = Release|Any CPU
		{6DA1EECA-DCFB-41F5-862A-84285CF08DE9}.Release|x64.ActiveCfg = Release|Any CPU
		{6DA1EECA-DCFB-41F5-862A-84285CF08DE9}.Release|x64.Build.0 = Release|Any CPU
		{6DA1EECA-DCFB-41F5-862A-84285CF08DE9}.Release|x86.ActiveCfg = Release|Any CPU
		{6DA1EECA-DCFB-41F5-862A-84285CF08DE9}.Release|x86.Build.0 = Release|Any CPU
	EndGlobalSection
EndGlobal
